
Microsoft Visual Studio Solution File, Format Version 12.00
# Visual Studio Version 17
VisualStudioVersion = 17.13.36105.23
MinimumVisualStudioVersion = 10.0.40219.1
Project("{FAE04EC0-301F-11D3-BF4B-00C04F79EFBC}") = "Shared", "Shared\Shared.csproj", "{DA754C95-320D-45FE-91AD-76500C6E4C65}"
EndProject
Project("{FAE04EC0-301F-11D3-BF4B-00C04F79EFBC}") = "InvoiceGenerator", "InvoiceGenerator\InvoiceGenerator.csproj", "{30602170-997E-47C7-BB48-D7FB4A8F750E}"
EndProject
Project("{FAE04EC0-301F-11D3-BF4B-00C04F79EFBC}") = "InvoiceRetriever", "InvoiceRetriever\InvoiceRetriever.csproj", "{217AD38B-DC7D-4072-BB70-A0459C64847F}"
EndProject
Global
	GlobalSection(SolutionConfigurationPlatforms) = preSolution
		Debug|Any CPU = Debug|Any CPU
		Release|Any CPU = Release|Any CPU
	EndGlobalSection
	GlobalSection(ProjectConfigurationPlatforms) = postSolution
		{DA754C95-320D-45FE-91AD-76500C6E4C65}.Debug|Any CPU.ActiveCfg = Debug|Any CPU
		{DA754C95-320D-45FE-91AD-76500C6E4C65}.Debug|Any CPU.Build.0 = Debug|Any CPU
		{DA754C95-320D-45FE-91AD-76500C6E4C65}.Release|Any CPU.ActiveCfg = Release|Any CPU
		{DA754C95-320D-45FE-91AD-76500C6E4C65}.Release|Any CPU.Build.0 = Release|Any CPU
		{30602170-997E-47C7-BB48-D7FB4A8F750E}.Debug|Any CPU.ActiveCfg = Debug|Any CPU
		{30602170-997E-47C7-BB48-D7FB4A8F750E}.Debug|Any CPU.Build.0 = Debug|Any CPU
		{30602170-997E-47C7-BB48-D7FB4A8F750E}.Release|Any CPU.ActiveCfg = Release|Any CPU
		{30602170-997E-47C7-BB48-D7FB4A8F750E}.Release|Any CPU.Build.0 = Release|Any CPU
		{217AD38B-DC7D-4072-BB70-A0459C64847F}.Debug|Any CPU.ActiveCfg = Debug|Any CPU
		{217AD38B-DC7D-4072-BB70-A0459C64847F}.Debug|Any CPU.Build.0 = Debug|Any CPU
		{217AD38B-DC7D-4072-BB70-A0459C64847F}.Release|Any CPU.ActiveCfg = Release|Any CPU
		{217AD38B-DC7D-4072-BB70-A0459C64847F}.Release|Any CPU.Build.0 = Release|Any CPU
	EndGlobalSection
	GlobalSection(SolutionProperties) = preSolution
		HideSolutionNode = FALSE
	EndGlobalSection
	GlobalSection(ExtensibilityGlobals) = postSolution
		SolutionGuid = {907C7C7E-2C91-4FDC-9CED-781787080A62}
	EndGlobalSection
EndGlobal
